
Microsoft Visual Studio Solution File, Format Version 12.00
# Visual Studio 2012
Project("{2150E333-8FDC-42A3-9474-1A3956D46DE8}") = ".nuget", ".nuget", "{E6774590-A85E-47D2-8603-10EAAE39A240}"
	ProjectSection(SolutionItems) = preProject
		.nuget\NuGet.Config = .nuget\NuGet.Config
		.nuget\NuGet.exe = .nuget\NuGet.exe
		.nuget\NuGet.targets = .nuget\NuGet.targets
	EndProjectSection
EndProject
Project("{FAE04EC0-301F-11D3-BF4B-00C04F79EFBC}") = "KesselRun.HomeLibrary.Model", "KesselRun.HomeLibrary.Model\KesselRun.HomeLibrary.Model.csproj", "{36E2CE6F-F974-4BDF-89FA-60FBF697E7CB}"
EndProject
Project("{FAE04EC0-301F-11D3-BF4B-00C04F79EFBC}") = "KesselRun.HomeLibrary.EF", "KesselRun.HomeLibrary.EF\KesselRun.HomeLibrary.EF.csproj", "{604EE641-A068-4783-A6A8-79418687EBB7}"
EndProject
Project("{FAE04EC0-301F-11D3-BF4B-00C04F79EFBC}") = "KesselRun.HomeLibrary.EF.Tests", "KesselRun.HomeLibrary.EF.Tests\KesselRun.HomeLibrary.EF.Tests.csproj", "{EFD243DC-E206-4547-8B78-0D455CF82169}"
EndProject
Project("{2150E333-8FDC-42A3-9474-1A3956D46DE8}") = "Solution Items", "Solution Items", "{64871933-5448-470D-A4C5-0CDC9B926595}"
	ProjectSection(SolutionItems) = preProject
		HLTestRunSettings.runsettings = HLTestRunSettings.runsettings
	EndProjectSection
EndProject
Project("{FAE04EC0-301F-11D3-BF4B-00C04F79EFBC}") = "KesselRun.HomeLibrary.Mapper", "KesselRun.HomeLibrary.Mapper\KesselRun.HomeLibrary.Mapper.csproj", "{608CB184-245D-48CD-B405-2D3E4CCF8C28}"
EndProject
Project("{FAE04EC0-301F-11D3-BF4B-00C04F79EFBC}") = "KesselRun.HomeLibrary.UiLogic", "KesselRun.HomeLibrary.UiLogic\KesselRun.HomeLibrary.UiLogic.csproj", "{90C2B5C8-7DF9-42DA-95A7-FE08C5346FBC}"
	ProjectSection(ProjectDependencies) = postProject
		{9FA0B46D-433F-412C-9245-F5E07D3D9C4D} = {9FA0B46D-433F-412C-9245-F5E07D3D9C4D}
		{A769807E-FCB2-4CF9-8F64-C83D18110382} = {A769807E-FCB2-4CF9-8F64-C83D18110382}
	EndProjectSection
EndProject
Project("{2150E333-8FDC-42A3-9474-1A3956D46DE8}") = "02 Domain", "02 Domain", "{CDC7E6F7-C05B-4B3C-BD1B-BA21CD4A294C}"
EndProject
Project("{2150E333-8FDC-42A3-9474-1A3956D46DE8}") = "04 Ui", "04 Ui", "{3C353CDF-4AFC-4F30-AD59-204ACDB706AD}"
EndProject
Project("{2150E333-8FDC-42A3-9474-1A3956D46DE8}") = "01 Data", "01 Data", "{968CE89A-5AFE-42CF-8416-A39AEBCE9147}"
EndProject
Project("{2150E333-8FDC-42A3-9474-1A3956D46DE8}") = "05 Tests", "05 Tests", "{61000722-827E-4346-B592-5E2C6120BC10}"
EndProject
Project("{2150E333-8FDC-42A3-9474-1A3956D46DE8}") = "00 Common", "00 Common", "{C1C7FB82-4D67-4E39-AEEC-20AF390298DD}"
EndProject
Project("{2150E333-8FDC-42A3-9474-1A3956D46DE8}") = "03 Business", "03 Business", "{B9D1C7F5-68E5-4E94-8916-F15B3DEDD3C5}"
EndProject
Project("{FAE04EC0-301F-11D3-BF4B-00C04F79EFBC}") = "KesselRun.HomeLibrary.UiModel", "KesselRun.HomeLibrary.UiModel\KesselRun.HomeLibrary.UiModel.csproj", "{DE516021-3806-49ED-933B-BA9122DDDA79}"
EndProject
Project("{FAE04EC0-301F-11D3-BF4B-00C04F79EFBC}") = "KesselRun.HomeLibrary.GenericRepository", "KesselRun.HomeLibrary.GenericRepository\KesselRun.HomeLibrary.GenericRepository.csproj", "{4448BA77-F0DE-48B2-8935-D3844A48D050}"
EndProject
Project("{FAE04EC0-301F-11D3-BF4B-00C04F79EFBC}") = "KesselRun.HomeLibrary.Ui", "KesselRun.HomeLibrary.Ui\KesselRun.HomeLibrary.Ui.csproj", "{B83DFF96-5D24-42F6-9A46-D7D40E99F7DD}"
EndProject
Project("{FAE04EC0-301F-11D3-BF4B-00C04F79EFBC}") = "KesselRun.HomeLibrary.Common", "KesselRun.HomeLibrary.Common\KesselRun.HomeLibrary.Common.csproj", "{9FA0B46D-433F-412C-9245-F5E07D3D9C4D}"
EndProject
Project("{FAE04EC0-301F-11D3-BF4B-00C04F79EFBC}") = "KesselRun.HomeLibrary.Service", "KesselRun.HomeLibrary.Service\KesselRun.HomeLibrary.Service.csproj", "{A769807E-FCB2-4CF9-8F64-C83D18110382}"
EndProject
Global
	GlobalSection(SolutionConfigurationPlatforms) = preSolution
		Debug|Any CPU = Debug|Any CPU
		Release|Any CPU = Release|Any CPU
	EndGlobalSection
	GlobalSection(ProjectConfigurationPlatforms) = postSolution
		{36E2CE6F-F974-4BDF-89FA-60FBF697E7CB}.Debug|Any CPU.ActiveCfg = Debug|Any CPU
		{36E2CE6F-F974-4BDF-89FA-60FBF697E7CB}.Debug|Any CPU.Build.0 = Debug|Any CPU
		{36E2CE6F-F974-4BDF-89FA-60FBF697E7CB}.Release|Any CPU.ActiveCfg = Release|Any CPU
		{36E2CE6F-F974-4BDF-89FA-60FBF697E7CB}.Release|Any CPU.Build.0 = Release|Any CPU
		{604EE641-A068-4783-A6A8-79418687EBB7}.Debug|Any CPU.ActiveCfg = Debug|Any CPU
		{604EE641-A068-4783-A6A8-79418687EBB7}.Debug|Any CPU.Build.0 = Debug|Any CPU
		{604EE641-A068-4783-A6A8-79418687EBB7}.Release|Any CPU.ActiveCfg = Release|Any CPU
		{604EE641-A068-4783-A6A8-79418687EBB7}.Release|Any CPU.Build.0 = Release|Any CPU
		{EFD243DC-E206-4547-8B78-0D455CF82169}.Debug|Any CPU.ActiveCfg = Debug|Any CPU
		{EFD243DC-E206-4547-8B78-0D455CF82169}.Debug|Any CPU.Build.0 = Debug|Any CPU
		{EFD243DC-E206-4547-8B78-0D455CF82169}.Release|Any CPU.ActiveCfg = Release|Any CPU
		{EFD243DC-E206-4547-8B78-0D455CF82169}.Release|Any CPU.Build.0 = Release|Any CPU
		{608CB184-245D-48CD-B405-2D3E4CCF8C28}.Debug|Any CPU.ActiveCfg = Debug|Any CPU
		{608CB184-245D-48CD-B405-2D3E4CCF8C28}.Debug|Any CPU.Build.0 = Debug|Any CPU
		{608CB184-245D-48CD-B405-2D3E4CCF8C28}.Release|Any CPU.ActiveCfg = Release|Any CPU
		{608CB184-245D-48CD-B405-2D3E4CCF8C28}.Release|Any CPU.Build.0 = Release|Any CPU
		{90C2B5C8-7DF9-42DA-95A7-FE08C5346FBC}.Debug|Any CPU.ActiveCfg = Debug|Any CPU
		{90C2B5C8-7DF9-42DA-95A7-FE08C5346FBC}.Debug|Any CPU.Build.0 = Debug|Any CPU
		{90C2B5C8-7DF9-42DA-95A7-FE08C5346FBC}.Release|Any CPU.ActiveCfg = Release|Any CPU
		{90C2B5C8-7DF9-42DA-95A7-FE08C5346FBC}.Release|Any CPU.Build.0 = Release|Any CPU
		{DE516021-3806-49ED-933B-BA9122DDDA79}.Debug|Any CPU.ActiveCfg = Debug|Any CPU
		{DE516021-3806-49ED-933B-BA9122DDDA79}.Debug|Any CPU.Build.0 = Debug|Any CPU
		{DE516021-3806-49ED-933B-BA9122DDDA79}.Release|Any CPU.ActiveCfg = Release|Any CPU
		{DE516021-3806-49ED-933B-BA9122DDDA79}.Release|Any CPU.Build.0 = Release|Any CPU
		{4448BA77-F0DE-48B2-8935-D3844A48D050}.Debug|Any CPU.ActiveCfg = Debug|Any CPU
		{4448BA77-F0DE-48B2-8935-D3844A48D050}.Debug|Any CPU.Build.0 = Debug|Any CPU
		{4448BA77-F0DE-48B2-8935-D3844A48D050}.Release|Any CPU.ActiveCfg = Release|Any CPU
		{4448BA77-F0DE-48B2-8935-D3844A48D050}.Release|Any CPU.Build.0 = Release|Any CPU
		{B83DFF96-5D24-42F6-9A46-D7D40E99F7DD}.Debug|Any CPU.ActiveCfg = Debug|Any CPU
		{B83DFF96-5D24-42F6-9A46-D7D40E99F7DD}.Debug|Any CPU.Build.0 = Debug|Any CPU
		{B83DFF96-5D24-42F6-9A46-D7D40E99F7DD}.Release|Any CPU.ActiveCfg = Release|Any CPU
		{B83DFF96-5D24-42F6-9A46-D7D40E99F7DD}.Release|Any CPU.Build.0 = Release|Any CPU
		{9FA0B46D-433F-412C-9245-F5E07D3D9C4D}.Debug|Any CPU.ActiveCfg = Debug|Any CPU
		{9FA0B46D-433F-412C-9245-F5E07D3D9C4D}.Debug|Any CPU.Build.0 = Debug|Any CPU
		{9FA0B46D-433F-412C-9245-F5E07D3D9C4D}.Release|Any CPU.ActiveCfg = Release|Any CPU
		{9FA0B46D-433F-412C-9245-F5E07D3D9C4D}.Release|Any CPU.Build.0 = Release|Any CPU
		{A769807E-FCB2-4CF9-8F64-C83D18110382}.Debug|Any CPU.ActiveCfg = Debug|Any CPU
		{A769807E-FCB2-4CF9-8F64-C83D18110382}.Debug|Any CPU.Build.0 = Debug|Any CPU
		{A769807E-FCB2-4CF9-8F64-C83D18110382}.Release|Any CPU.ActiveCfg = Release|Any CPU
		{A769807E-FCB2-4CF9-8F64-C83D18110382}.Release|Any CPU.Build.0 = Release|Any CPU
	EndGlobalSection
	GlobalSection(SolutionProperties) = preSolution
		HideSolutionNode = FALSE
	EndGlobalSection
	GlobalSection(NestedProjects) = preSolution
		{36E2CE6F-F974-4BDF-89FA-60FBF697E7CB} = {CDC7E6F7-C05B-4B3C-BD1B-BA21CD4A294C}
		{604EE641-A068-4783-A6A8-79418687EBB7} = {968CE89A-5AFE-42CF-8416-A39AEBCE9147}
		{4448BA77-F0DE-48B2-8935-D3844A48D050} = {968CE89A-5AFE-42CF-8416-A39AEBCE9147}
		{EFD243DC-E206-4547-8B78-0D455CF82169} = {61000722-827E-4346-B592-5E2C6120BC10}
		{608CB184-245D-48CD-B405-2D3E4CCF8C28} = {C1C7FB82-4D67-4E39-AEEC-20AF390298DD}
		{9FA0B46D-433F-412C-9245-F5E07D3D9C4D} = {C1C7FB82-4D67-4E39-AEEC-20AF390298DD}
		{90C2B5C8-7DF9-42DA-95A7-FE08C5346FBC} = {3C353CDF-4AFC-4F30-AD59-204ACDB706AD}
		{DE516021-3806-49ED-933B-BA9122DDDA79} = {3C353CDF-4AFC-4F30-AD59-204ACDB706AD}
		{B83DFF96-5D24-42F6-9A46-D7D40E99F7DD} = {3C353CDF-4AFC-4F30-AD59-204ACDB706AD}
		{A769807E-FCB2-4CF9-8F64-C83D18110382} = {B9D1C7F5-68E5-4E94-8916-F15B3DEDD3C5}
	EndGlobalSection
EndGlobal
